// !$*UTF8*$!
{
	archiveVersion = 1;
	classes = {
	};
	objectVersion = 50;
	objects = {

/* Begin PBXBuildFile section */
		32DC50D2239DA32400CB2776 /* AppDelegate.swift in Sources */ = {isa = PBXBuildFile; fileRef = 32DC50D1239DA32400CB2776 /* AppDelegate.swift */; };
		32DC50D4239DA32400CB2776 /* SceneDelegate.swift in Sources */ = {isa = PBXBuildFile; fileRef = 32DC50D3239DA32400CB2776 /* SceneDelegate.swift */; };
		32DC50D6239DA32400CB2776 /* ContentView.swift in Sources */ = {isa = PBXBuildFile; fileRef = 32DC50D5239DA32400CB2776 /* ContentView.swift */; };
		32DC50D8239DA32500CB2776 /* Assets.xcassets in Resources */ = {isa = PBXBuildFile; fileRef = 32DC50D7239DA32500CB2776 /* Assets.xcassets */; };
		32DC50DB239DA32500CB2776 /* Preview Assets.xcassets in Resources */ = {isa = PBXBuildFile; fileRef = 32DC50DA239DA32500CB2776 /* Preview Assets.xcassets */; };
		32DC50DE239DA32500CB2776 /* LaunchScreen.storyboard in Resources */ = {isa = PBXBuildFile; fileRef = 32DC50DC239DA32500CB2776 /* LaunchScreen.storyboard */; };
/* End PBXBuildFile section */

/* Begin PBXFileReference section */
		32DC50CE239DA32400CB2776 /* BhanukaCard.app */ = {isa = PBXFileReference; explicitFileType = wrapper.application; includeInIndex = 0; path = BhanukaCard.app; sourceTree = BUILT_PRODUCTS_DIR; };
		32DC50D1239DA32400CB2776 /* AppDelegate.swift */ = {isa = PBXFileReference; lastKnownFileType = sourcecode.swift; path = AppDelegate.swift; sourceTree = "<group>"; };
		32DC50D3239DA32400CB2776 /* SceneDelegate.swift */ = {isa = PBXFileReference; lastKnownFileType = sourcecode.swift; path = SceneDelegate.swift; sourceTree = "<group>"; };
		32DC50D5239DA32400CB2776 /* ContentView.swift */ = {isa = PBXFileReference; lastKnownFileType = sourcecode.swift; path = ContentView.swift; sourceTree = "<group>"; };
		32DC50D7239DA32500CB2776 /* Assets.xcassets */ = {isa = PBXFileReference; lastKnownFileType = folder.assetcatalog; path = Assets.xcassets; sourceTree = "<group>"; };
		32DC50DA239DA32500CB2776 /* Preview Assets.xcassets */ = {isa = PBXFileReference; lastKnownFileType = folder.assetcatalog; path = "Preview Assets.xcassets"; sourceTree = "<group>"; };
		32DC50DD239DA32500CB2776 /* Base */ = {isa = PBXFileReference; lastKnownFileType = file.storyboard; name = Base; path = Base.lproj/LaunchScreen.storyboard; sourceTree = "<group>"; };
		32DC50DF239DA32500CB2776 /* Info.plist */ = {isa = PBXFileReference; lastKnownFileType = text.plist.xml; path = Info.plist; sourceTree = "<group>"; };
/* End PBXFileReference section */

/* Begin PBXFrameworksBuildPhase section */
		32DC50CB239DA32400CB2776 /* Frameworks */ = {
			isa = PBXFrameworksBuildPhase;
			buildActionMask = 2147483647;
			files = (
			);
			runOnlyForDeploymentPostprocessing = 0;
		};
/* End PBXFrameworksBuildPhase section */

/* Begin PBXGroup section */
		32DC50C5239DA32400CB2776 = {
			isa = PBXGroup;
			children = (
				32DC50D0239DA32400CB2776 /* BhanukaCard */,
				32DC50CF239DA32400CB2776 /* Products */,
			);
			sourceTree = "<group>";
		};
		32DC50CF239DA32400CB2776 /* Products */ = {
			isa = PBXGroup;
			children = (
				32DC50CE239DA32400CB2776 /* BhanukaCard.app */,
			);
			name = Products;
			sourceTree = "<group>";
		};
		32DC50D0239DA32400CB2776 /* BhanukaCard */ = {
			isa = PBXGroup;
			children = (
				32DC50D1239DA32400CB2776 /* AppDelegate.swift */,
				32DC50D3239DA32400CB2776 /* SceneDelegate.swift */,
				32DC50D5239DA32400CB2776 /* ContentView.swift */,
				32DC50D7239DA32500CB2776 /* Assets.xcassets */,
				32DC50DC239DA32500CB2776 /* LaunchScreen.storyboard */,
				32DC50DF239DA32500CB2776 /* Info.plist */,
				32DC50D9239DA32500CB2776 /* Preview Content */,
			);
			path = BhanukaCard;
			sourceTree = "<group>";
		};
		32DC50D9239DA32500CB2776 /* Preview Content */ = {
			isa = PBXGroup;
			children = (
				32DC50DA239DA32500CB2776 /* Preview Assets.xcassets */,
			);
			path = "Preview Content";
			sourceTree = "<group>";
		};
/* End PBXGroup section */

/* Begin PBXNativeTarget section */
		32DC50CD239DA32400CB2776 /* BhanukaCard */ = {
			isa = PBXNativeTarget;
			buildConfigurationList = 32DC50E2239DA32500CB2776 /* Build configuration list for PBXNativeTarget "BhanukaCard" */;
			buildPhases = (
				32DC50CA239DA32400CB2776 /* Sources */,
				32DC50CB239DA32400CB2776 /* Frameworks */,
				32DC50CC239DA32400CB2776 /* Resources */,
			);
			buildRules = (
			);
			dependencies = (
			);
			name = BhanukaCard;
			productName = BhanukaCard;
			productReference = 32DC50CE239DA32400CB2776 /* BhanukaCard.app */;
			productType = "com.apple.product-type.application";
		};
/* End PBXNativeTarget section */

/* Begin PBXProject section */
		32DC50C6239DA32400CB2776 /* Project object */ = {
			isa = PBXProject;
			attributes = {
				LastSwiftUpdateCheck = 1120;
				LastUpgradeCheck = 1120;
				ORGANIZATIONNAME = "Bhanuka Gamage";
				TargetAttributes = {
					32DC50CD239DA32400CB2776 = {
						CreatedOnToolsVersion = 11.2.1;
					};
				};
			};
			buildConfigurationList = 32DC50C9239DA32400CB2776 /* Build configuration list for PBXProject "BhanukaCard" */;
			compatibilityVersion = "Xcode 9.3";
			developmentRegion = en;
			hasScannedForEncodings = 0;
			knownRegions = (
				en,
				Base,
			);
			mainGroup = 32DC50C5239DA32400CB2776;
			productRefGroup = 32DC50CF239DA32400CB2776 /* Products */;
			projectDirPath = "";
			projectRoot = "";
			targets = (
				32DC50CD239DA32400CB2776 /* BhanukaCard */,
			);
		};
/* End PBXProject section */

/* Begin PBXResourcesBuildPhase section */
		32DC50CC239DA32400CB2776 /* Resources */ = {
			isa = PBXResourcesBuildPhase;
			buildActionMask = 2147483647;
			files = (
				32DC50DE239DA32500CB2776 /* LaunchScreen.storyboard in Resources */,
				32DC50DB239DA32500CB2776 /* Preview Assets.xcassets in Resources */,
				32DC50D8239DA32500CB2776 /* Assets.xcassets in Resources */,
			);
			runOnlyForDeploymentPostprocessing = 0;
		};
/* End PBXResourcesBuildPhase section */

/* Begin PBXSourcesBuildPhase section */
		32DC50CA239DA32400CB2776 /* Sources */ = {
			isa = PBXSourcesBuildPhase;
			buildActionMask = 2147483647;
			files = (
				32DC50D2239DA32400CB2776 /* AppDelegate.swift in Sources */,
				32DC50D4239DA32400CB2776 /* SceneDelegate.swift in Sources */,
				32DC50D6239DA32400CB2776 /* ContentView.swift in Sources */,
			);
			runOnlyForDeploymentPostprocessing = 0;
		};
/* End PBXSourcesBuildPhase section */

/* Begin PBXVariantGroup section */
		32DC50DC239DA32500CB2776 /* LaunchScreen.storyboard */ = {
			isa = PBXVariantGroup;
			children = (
				32DC50DD239DA32500CB2776 /* Base */,
			);
			name = LaunchScreen.storyboard;
			sourceTree = "<group>";
		};
/* End PBXVariantGroup section */

/* Begin XCBuildConfiguration section */
		32DC50E0239DA32500CB2776 /* Debug */ = {
			isa = XCBuildConfiguration;
			buildSettings = {
				ALWAYS_SEARCH_USER_PATHS = NO;
				CLANG_ANALYZER_NONNULL = YES;
				CLANG_ANALYZER_NUMBER_OBJECT_CONVERSION = YES_AGGRESSIVE;
				CLANG_CXX_LANGUAGE_STANDARD = "gnu++14";
				CLANG_CXX_LIBRARY = "libc++";
				CLANG_ENABLE_MODULES = YES;
				CLANG_ENABLE_OBJC_ARC = YES;
				CLANG_ENABLE_OBJC_WEAK = YES;
				CLANG_WARN_BLOCK_CAPTURE_AUTORELEASING = YES;
				CLANG_WARN_BOOL_CONVERSION = YES;
				CLANG_WARN_COMMA = YES;
				CLANG_WARN_CONSTANT_CONVERSION = YES;
				CLANG_WARN_DEPRECATED_OBJC_IMPLEMENTATIONS = YES;
				CLANG_WARN_DIRECT_OBJC_ISA_USAGE = YES_ERROR;
				CLANG_WARN_DOCUMENTATION_COMMENTS = YES;
				CLANG_WARN_EMPTY_BODY = YES;
				CLANG_WARN_ENUM_CONVERSION = YES;
				CLANG_WARN_INFINITE_RECURSION = YES;
				CLANG_WARN_INT_CONVERSION = YES;
				CLANG_WARN_NON_LITERAL_NULL_CONVERSION = YES;
				CLANG_WARN_OBJC_IMPLICIT_RETAIN_SELF = YES;
				CLANG_WARN_OBJC_LITERAL_CONVERSION = YES;
				CLANG_WARN_OBJC_ROOT_CLASS = YES_ERROR;
				CLANG_WARN_RANGE_LOOP_ANALYSIS = YES;
				CLANG_WARN_STRICT_PROTOTYPES = YES;
				CLANG_WARN_SUSPICIOUS_MOVE = YES;
				CLANG_WARN_UNGUARDED_AVAILABILITY = YES_AGGRESSIVE;
				CLANG_WARN_UNREACHABLE_CODE = YES;
				CLANG_WARN__DUPLICATE_METHOD_MATCH = YES;
				COPY_PHASE_STRIP = NO;
				DEBUG_INFORMATION_FORMAT = dwarf;
				ENABLE_STRICT_OBJC_MSGSEND = YES;
				ENABLE_TESTABILITY = YES;
				GCC_C_LANGUAGE_STANDARD = gnu11;
				GCC_DYNAMIC_NO_PIC = NO;
				GCC_NO_COMMON_BLOCKS = YES;
				GCC_OPTIMIZATION_LEVEL = 0;
				GCC_PREPROCESSOR_DEFINITIONS = (
					"DEBUG=1",
					"$(inherited)",
				);
				GCC_WARN_64_TO_32_BIT_CONVERSION = YES;
				GCC_WARN_ABOUT_RETURN_TYPE = YES_ERROR;
				GCC_WARN_UNDECLARED_SELECTOR = YES;
				GCC_WARN_UNINITIALIZED_AUTOS = YES_AGGRESSIVE;
				GCC_WARN_UNUSED_FUNCTION = YES;
				GCC_WARN_UNUSED_VARIABLE = YES;
				IPHONEOS_DEPLOYMENT_TARGET = 13.2;
				MTL_ENABLE_DEBUG_INFO = INCLUDE_SOURCE;
				MTL_FAST_MATH = YES;
				ONLY_ACTIVE_ARCH = YES;
				SDKROOT = iphoneos;
				SWIFT_ACTIVE_COMPILATION_CONDITIONS = DEBUG;
				SWIFT_OPTIMIZATION_LEVEL = "-Onone";
			};
			name = Debug;
		};
		32DC50E1239DA32500CB2776 /* Release */ = {
			isa = XCBuildConfiguration;
			buildSettings = {
				ALWAYS_SEARCH_USER_PATHS = NO;
				CLANG_ANALYZER_NONNULL = YES;
				CLANG_ANALYZER_NUMBER_OBJECT_CONVERSION = YES_AGGRESSIVE;
				CLANG_CXX_LANGUAGE_STANDARD = "gnu++14";
				CLANG_CXX_LIBRARY = "libc++";
				CLANG_ENABLE_MODULES = YES;
				CLANG_ENABLE_OBJC_ARC = YES;
				CLANG_ENABLE_OBJC_WEAK = YES;
				CLANG_WARN_BLOCK_CAPTURE_AUTORELEASING = YES;
				CLANG_WARN_BOOL_CONVERSION = YES;
				CLANG_WARN_COMMA = YES;
				CLANG_WARN_CONSTANT_CONVERSION = YES;
				CLANG_WARN_DEPRECATED_OBJC_IMPLEMENTATIONS = YES;
				CLANG_WARN_DIRECT_OBJC_ISA_USAGE = YES_ERROR;
				CLANG_WARN_DOCUMENTATION_COMMENTS = YES;
				CLANG_WARN_EMPTY_BODY = YES;
				CLANG_WARN_ENUM_CONVERSION = YES;
				CLANG_WARN_INFINITE_RECURSION = YES;
				CLANG_WARN_INT_CONVERSION = YES;
				CLANG_WARN_NON_LITERAL_NULL_CONVERSION = YES;
				CLANG_WARN_OBJC_IMPLICIT_RETAIN_SELF = YES;
				CLANG_WARN_OBJC_LITERAL_CONVERSION = YES;
				CLANG_WARN_OBJC_ROOT_CLASS = YES_ERROR;
				CLANG_WARN_RANGE_LOOP_ANALYSIS = YES;
				CLANG_WARN_STRICT_PROTOTYPES = YES;
				CLANG_WARN_SUSPICIOUS_MOVE = YES;
				CLANG_WARN_UNGUARDED_AVAILABILITY = YES_AGGRESSIVE;
				CLANG_WARN_UNREACHABLE_CODE = YES;
				CLANG_WARN__DUPLICATE_METHOD_MATCH = YES;
				COPY_PHASE_STRIP = NO;
				DEBUG_INFORMATION_FORMAT = "dwarf-with-dsym";
				ENABLE_NS_ASSERTIONS = NO;
				ENABLE_STRICT_OBJC_MSGSEND = YES;
				GCC_C_LANGUAGE_STANDARD = gnu11;
				GCC_NO_COMMON_BLOCKS = YES;
				GCC_WARN_64_TO_32_BIT_CONVERSION = YES;
				GCC_WARN_ABOUT_RETURN_TYPE = YES_ERROR;
				GCC_WARN_UNDECLARED_SELECTOR = YES;
				GCC_WARN_UNINITIALIZED_AUTOS = YES_AGGRESSIVE;
				GCC_WARN_UNUSED_FUNCTION = YES;
				GCC_WARN_UNUSED_VARIABLE = YES;
				IPHONEOS_DEPLOYMENT_TARGET = 13.2;
				MTL_ENABLE_DEBUG_INFO = NO;
				MTL_FAST_MATH = YES;
				SDKROOT = iphoneos;
				SWIFT_COMPILATION_MODE = wholemodule;
				SWIFT_OPTIMIZATION_LEVEL = "-O";
				VALIDATE_PRODUCT = YES;
			};
			name = Release;
		};
		32DC50E3239DA32500CB2776 /* Debug */ = {
			isa = XCBuildConfiguration;
			buildSettings = {
				ASSETCATALOG_COMPILER_APPICON_NAME = AppIcon;
				CODE_SIGN_STYLE = Automatic;
				DEVELOPMENT_ASSET_PATHS = "\"BhanukaCard/Preview Content\"";
				DEVELOPMENT_TEAM = H9V7R3BRD5;
				ENABLE_PREVIEWS = YES;
				INFOPLIST_FILE = BhanukaCard/Info.plist;
				LD_RUNPATH_SEARCH_PATHS = (
					"$(inherited)",
					"@executable_path/Frameworks",
				);
				PRODUCT_BUNDLE_IDENTIFIER = com.bhanukagamage.BhanukaCard;
				PRODUCT_NAME = "$(TARGET_NAME)";
				SWIFT_VERSION = 5.0;
				TARGETED_DEVICE_FAMILY = "1,2";
			};
			name = Debug;
		};
		32DC50E4239DA32500CB2776 /* Release */ = {
			isa = XCBuildConfiguration;
			buildSettings = {
				ASSETCATALOG_COMPILER_APPICON_NAME = AppIcon;
				CODE_SIGN_STYLE = Automatic;
				DEVELOPMENT_ASSET_PATHS = "\"BhanukaCard/Preview Content\"";
				DEVELOPMENT_TEAM = H9V7R3BRD5;
				ENABLE_PREVIEWS = YES;
				INFOPLIST_FILE = BhanukaCard/Info.plist;
				LD_RUNPATH_SEARCH_PATHS = (
					"$(inherited)",
					"@executable_path/Frameworks",
				);
				PRODUCT_BUNDLE_IDENTIFIER = com.bhanukagamage.BhanukaCard;
				PRODUCT_NAME = "$(TARGET_NAME)";
				SWIFT_VERSION = 5.0;
				TARGETED_DEVICE_FAMILY = "1,2";
			};
			name = Release;
		};
/* End XCBuildConfiguration section */

/* Begin XCConfigurationList section */
		32DC50C9239DA32400CB2776 /* Build configuration list for PBXProject "BhanukaCard" */ = {
			isa = XCConfigurationList;
			buildConfigurations = (
				32DC50E0239DA32500CB2776 /* Debug */,
				32DC50E1239DA32500CB2776 /* Release */,
			);
			defaultConfigurationIsVisible = 0;
			defaultConfigurationName = Release;
		};
		32DC50E2239DA32500CB2776 /* Build configuration list for PBXNativeTarget "BhanukaCard" */ = {
			isa = XCConfigurationList;
			buildConfigurations = (
				32DC50E3239DA32500CB2776 /* Debug */,
				32DC50E4239DA32500CB2776 /* Release */,
			);
			defaultConfigurationIsVisible = 0;
			defaultConfigurationName = Release;
		};
/* End XCConfigurationList section */
	};
	rootObject = 32DC50C6239DA32400CB2776 /* Project object */;
}
