// !$*UTF8*$!
{
	archiveVersion = 1;
	classes = {
	};
	objectVersion = 50;
	objects = {

/* Begin PBXBuildFile section */
		177D0F81ED648AE130FEAF5E /* Pods_WhatFlower.framework in Frameworks */ = {isa = PBXBuildFile; fileRef = 4946A87FF109D98CE39F3FE4 /* Pods_WhatFlower.framework */; };
		32FA4AAE23A6DE98003121F7 /* AppDelegate.swift in Sources */ = {isa = PBXBuildFile; fileRef = 32FA4AAD23A6DE98003121F7 /* AppDelegate.swift */; };
		32FA4AB023A6DE98003121F7 /* SceneDelegate.swift in Sources */ = {isa = PBXBuildFile; fileRef = 32FA4AAF23A6DE98003121F7 /* SceneDelegate.swift */; };
		32FA4AB223A6DE98003121F7 /* ViewController.swift in Sources */ = {isa = PBXBuildFile; fileRef = 32FA4AB123A6DE98003121F7 /* ViewController.swift */; };
		32FA4AB523A6DE98003121F7 /* Main.storyboard in Resources */ = {isa = PBXBuildFile; fileRef = 32FA4AB323A6DE98003121F7 /* Main.storyboard */; };
		32FA4AB823A6DE98003121F7 /* WhatFlower.xcdatamodeld in Sources */ = {isa = PBXBuildFile; fileRef = 32FA4AB623A6DE98003121F7 /* WhatFlower.xcdatamodeld */; };
		32FA4ABA23A6DE9B003121F7 /* Assets.xcassets in Resources */ = {isa = PBXBuildFile; fileRef = 32FA4AB923A6DE9B003121F7 /* Assets.xcassets */; };
		32FA4ABD23A6DE9B003121F7 /* LaunchScreen.storyboard in Resources */ = {isa = PBXBuildFile; fileRef = 32FA4ABB23A6DE9B003121F7 /* LaunchScreen.storyboard */; };
		32FA4AC523A6DEB2003121F7 /* FlowerClassifier.mlmodel in Sources */ = {isa = PBXBuildFile; fileRef = 32FA4AC423A6DEB2003121F7 /* FlowerClassifier.mlmodel */; };
/* End PBXBuildFile section */

/* Begin PBXFileReference section */
		186AB217DD1478E936ACA225 /* Pods-WhatFlower.debug.xcconfig */ = {isa = PBXFileReference; includeInIndex = 1; lastKnownFileType = text.xcconfig; name = "Pods-WhatFlower.debug.xcconfig"; path = "Target Support Files/Pods-WhatFlower/Pods-WhatFlower.debug.xcconfig"; sourceTree = "<group>"; };
		32FA4AAA23A6DE98003121F7 /* WhatFlower.app */ = {isa = PBXFileReference; explicitFileType = wrapper.application; includeInIndex = 0; path = WhatFlower.app; sourceTree = BUILT_PRODUCTS_DIR; };
		32FA4AAD23A6DE98003121F7 /* AppDelegate.swift */ = {isa = PBXFileReference; lastKnownFileType = sourcecode.swift; path = AppDelegate.swift; sourceTree = "<group>"; };
		32FA4AAF23A6DE98003121F7 /* SceneDelegate.swift */ = {isa = PBXFileReference; lastKnownFileType = sourcecode.swift; path = SceneDelegate.swift; sourceTree = "<group>"; };
		32FA4AB123A6DE98003121F7 /* ViewController.swift */ = {isa = PBXFileReference; lastKnownFileType = sourcecode.swift; path = ViewController.swift; sourceTree = "<group>"; };
		32FA4AB423A6DE98003121F7 /* Base */ = {isa = PBXFileReference; lastKnownFileType = file.storyboard; name = Base; path = Base.lproj/Main.storyboard; sourceTree = "<group>"; };
		32FA4AB723A6DE98003121F7 /* WhatFlower.xcdatamodel */ = {isa = PBXFileReference; lastKnownFileType = wrapper.xcdatamodel; path = WhatFlower.xcdatamodel; sourceTree = "<group>"; };
		32FA4AB923A6DE9B003121F7 /* Assets.xcassets */ = {isa = PBXFileReference; lastKnownFileType = folder.assetcatalog; path = Assets.xcassets; sourceTree = "<group>"; };
		32FA4ABC23A6DE9B003121F7 /* Base */ = {isa = PBXFileReference; lastKnownFileType = file.storyboard; name = Base; path = Base.lproj/LaunchScreen.storyboard; sourceTree = "<group>"; };
		32FA4ABE23A6DE9B003121F7 /* Info.plist */ = {isa = PBXFileReference; lastKnownFileType = text.plist.xml; path = Info.plist; sourceTree = "<group>"; };
		32FA4AC423A6DEB2003121F7 /* FlowerClassifier.mlmodel */ = {isa = PBXFileReference; lastKnownFileType = file.mlmodel; name = FlowerClassifier.mlmodel; path = "../../Flower Classfier/FlowerClassifier.mlmodel"; sourceTree = "<group>"; };
		4946A87FF109D98CE39F3FE4 /* Pods_WhatFlower.framework */ = {isa = PBXFileReference; explicitFileType = wrapper.framework; includeInIndex = 0; path = Pods_WhatFlower.framework; sourceTree = BUILT_PRODUCTS_DIR; };
		98553FF5DF54E0D18DA4F9FA /* Pods-WhatFlower.release.xcconfig */ = {isa = PBXFileReference; includeInIndex = 1; lastKnownFileType = text.xcconfig; name = "Pods-WhatFlower.release.xcconfig"; path = "Target Support Files/Pods-WhatFlower/Pods-WhatFlower.release.xcconfig"; sourceTree = "<group>"; };
/* End PBXFileReference section */

/* Begin PBXFrameworksBuildPhase section */
		32FA4AA723A6DE98003121F7 /* Frameworks */ = {
			isa = PBXFrameworksBuildPhase;
			buildActionMask = 2147483647;
			files = (
				177D0F81ED648AE130FEAF5E /* Pods_WhatFlower.framework in Frameworks */,
			);
			runOnlyForDeploymentPostprocessing = 0;
		};
/* End PBXFrameworksBuildPhase section */

/* Begin PBXGroup section */
		32FA4AA123A6DE98003121F7 = {
			isa = PBXGroup;
			children = (
				32FA4AAC23A6DE98003121F7 /* WhatFlower */,
				32FA4AAB23A6DE98003121F7 /* Products */,
				3908FAEF6612D6F9162468C1 /* Pods */,
				375A0097831681BC1B409C41 /* Frameworks */,
			);
			sourceTree = "<group>";
		};
		32FA4AAB23A6DE98003121F7 /* Products */ = {
			isa = PBXGroup;
			children = (
				32FA4AAA23A6DE98003121F7 /* WhatFlower.app */,
			);
			name = Products;
			sourceTree = "<group>";
		};
		32FA4AAC23A6DE98003121F7 /* WhatFlower */ = {
			isa = PBXGroup;
			children = (
				32FA4AC423A6DEB2003121F7 /* FlowerClassifier.mlmodel */,
				32FA4AAD23A6DE98003121F7 /* AppDelegate.swift */,
				32FA4AAF23A6DE98003121F7 /* SceneDelegate.swift */,
				32FA4AB123A6DE98003121F7 /* ViewController.swift */,
				32FA4AB323A6DE98003121F7 /* Main.storyboard */,
				32FA4AB923A6DE9B003121F7 /* Assets.xcassets */,
				32FA4ABB23A6DE9B003121F7 /* LaunchScreen.storyboard */,
				32FA4ABE23A6DE9B003121F7 /* Info.plist */,
				32FA4AB623A6DE98003121F7 /* WhatFlower.xcdatamodeld */,
			);
			path = WhatFlower;
			sourceTree = "<group>";
		};
		375A0097831681BC1B409C41 /* Frameworks */ = {
			isa = PBXGroup;
			children = (
				4946A87FF109D98CE39F3FE4 /* Pods_WhatFlower.framework */,
			);
			name = Frameworks;
			sourceTree = "<group>";
		};
		3908FAEF6612D6F9162468C1 /* Pods */ = {
			isa = PBXGroup;
			children = (
				186AB217DD1478E936ACA225 /* Pods-WhatFlower.debug.xcconfig */,
				98553FF5DF54E0D18DA4F9FA /* Pods-WhatFlower.release.xcconfig */,
			);
			name = Pods;
			path = Pods;
			sourceTree = "<group>";
		};
/* End PBXGroup section */

/* Begin PBXNativeTarget section */
		32FA4AA923A6DE98003121F7 /* WhatFlower */ = {
			isa = PBXNativeTarget;
			buildConfigurationList = 32FA4AC123A6DE9B003121F7 /* Build configuration list for PBXNativeTarget "WhatFlower" */;
			buildPhases = (
				F50C2404696C1F1BC5147A35 /* [CP] Check Pods Manifest.lock */,
				32FA4AA623A6DE98003121F7 /* Sources */,
				32FA4AA723A6DE98003121F7 /* Frameworks */,
				32FA4AA823A6DE98003121F7 /* Resources */,
				E9B223762F273080480760C7 /* [CP] Embed Pods Frameworks */,
			);
			buildRules = (
			);
			dependencies = (
			);
			name = WhatFlower;
			productName = WhatFlower;
			productReference = 32FA4AAA23A6DE98003121F7 /* WhatFlower.app */;
			productType = "com.apple.product-type.application";
		};
/* End PBXNativeTarget section */

/* Begin PBXProject section */
		32FA4AA223A6DE98003121F7 /* Project object */ = {
			isa = PBXProject;
			attributes = {
				LastSwiftUpdateCheck = 1130;
				LastUpgradeCheck = 1130;
				ORGANIZATIONNAME = "Bhanuka Gamage";
				TargetAttributes = {
					32FA4AA923A6DE98003121F7 = {
						CreatedOnToolsVersion = 11.3;
					};
				};
			};
			buildConfigurationList = 32FA4AA523A6DE98003121F7 /* Build configuration list for PBXProject "WhatFlower" */;
			compatibilityVersion = "Xcode 9.3";
			developmentRegion = en;
			hasScannedForEncodings = 0;
			knownRegions = (
				en,
				Base,
			);
			mainGroup = 32FA4AA123A6DE98003121F7;
			productRefGroup = 32FA4AAB23A6DE98003121F7 /* Products */;
			projectDirPath = "";
			projectRoot = "";
			targets = (
				32FA4AA923A6DE98003121F7 /* WhatFlower */,
			);
		};
/* End PBXProject section */

/* Begin PBXResourcesBuildPhase section */
		32FA4AA823A6DE98003121F7 /* Resources */ = {
			isa = PBXResourcesBuildPhase;
			buildActionMask = 2147483647;
			files = (
				32FA4ABD23A6DE9B003121F7 /* LaunchScreen.storyboard in Resources */,
				32FA4ABA23A6DE9B003121F7 /* Assets.xcassets in Resources */,
				32FA4AB523A6DE98003121F7 /* Main.storyboard in Resources */,
			);
			runOnlyForDeploymentPostprocessing = 0;
		};
/* End PBXResourcesBuildPhase section */

/* Begin PBXShellScriptBuildPhase section */
		E9B223762F273080480760C7 /* [CP] Embed Pods Frameworks */ = {
			isa = PBXShellScriptBuildPhase;
			buildActionMask = 2147483647;
			files = (
			);
			inputFileListPaths = (
				"${PODS_ROOT}/Target Support Files/Pods-WhatFlower/Pods-WhatFlower-frameworks-${CONFIGURATION}-input-files.xcfilelist",
			);
			name = "[CP] Embed Pods Frameworks";
			outputFileListPaths = (
				"${PODS_ROOT}/Target Support Files/Pods-WhatFlower/Pods-WhatFlower-frameworks-${CONFIGURATION}-output-files.xcfilelist",
			);
			runOnlyForDeploymentPostprocessing = 0;
			shellPath = /bin/sh;
			shellScript = "\"${PODS_ROOT}/Target Support Files/Pods-WhatFlower/Pods-WhatFlower-frameworks.sh\"\n";
			showEnvVarsInLog = 0;
		};
		F50C2404696C1F1BC5147A35 /* [CP] Check Pods Manifest.lock */ = {
			isa = PBXShellScriptBuildPhase;
			buildActionMask = 2147483647;
			files = (
			);
			inputFileListPaths = (
			);
			inputPaths = (
				"${PODS_PODFILE_DIR_PATH}/Podfile.lock",
				"${PODS_ROOT}/Manifest.lock",
			);
			name = "[CP] Check Pods Manifest.lock";
			outputFileListPaths = (
			);
			outputPaths = (
				"$(DERIVED_FILE_DIR)/Pods-WhatFlower-checkManifestLockResult.txt",
			);
			runOnlyForDeploymentPostprocessing = 0;
			shellPath = /bin/sh;
			shellScript = "diff \"${PODS_PODFILE_DIR_PATH}/Podfile.lock\" \"${PODS_ROOT}/Manifest.lock\" > /dev/null\nif [ $? != 0 ] ; then\n    # print error to STDERR\n    echo \"error: The sandbox is not in sync with the Podfile.lock. Run 'pod install' or update your CocoaPods installation.\" >&2\n    exit 1\nfi\n# This output is used by Xcode 'outputs' to avoid re-running this script phase.\necho \"SUCCESS\" > \"${SCRIPT_OUTPUT_FILE_0}\"\n";
			showEnvVarsInLog = 0;
		};
/* End PBXShellScriptBuildPhase section */

/* Begin PBXSourcesBuildPhase section */
		32FA4AA623A6DE98003121F7 /* Sources */ = {
			isa = PBXSourcesBuildPhase;
			buildActionMask = 2147483647;
			files = (
				32FA4AB223A6DE98003121F7 /* ViewController.swift in Sources */,
				32FA4AAE23A6DE98003121F7 /* AppDelegate.swift in Sources */,
				32FA4AB823A6DE98003121F7 /* WhatFlower.xcdatamodeld in Sources */,
				32FA4AC523A6DEB2003121F7 /* FlowerClassifier.mlmodel in Sources */,
				32FA4AB023A6DE98003121F7 /* SceneDelegate.swift in Sources */,
			);
			runOnlyForDeploymentPostprocessing = 0;
		};
/* End PBXSourcesBuildPhase section */

/* Begin PBXVariantGroup section */
		32FA4AB323A6DE98003121F7 /* Main.storyboard */ = {
			isa = PBXVariantGroup;
			children = (
				32FA4AB423A6DE98003121F7 /* Base */,
			);
			name = Main.storyboard;
			sourceTree = "<group>";
		};
		32FA4ABB23A6DE9B003121F7 /* LaunchScreen.storyboard */ = {
			isa = PBXVariantGroup;
			children = (
				32FA4ABC23A6DE9B003121F7 /* Base */,
			);
			name = LaunchScreen.storyboard;
			sourceTree = "<group>";
		};
/* End PBXVariantGroup section */

/* Begin XCBuildConfiguration section */
		32FA4ABF23A6DE9B003121F7 /* Debug */ = {
			isa = XCBuildConfiguration;
			buildSettings = {
				ALWAYS_SEARCH_USER_PATHS = NO;
				CLANG_ANALYZER_NONNULL = YES;
				CLANG_ANALYZER_NUMBER_OBJECT_CONVERSION = YES_AGGRESSIVE;
				CLANG_CXX_LANGUAGE_STANDARD = "gnu++14";
				CLANG_CXX_LIBRARY = "libc++";
				CLANG_ENABLE_MODULES = YES;
				CLANG_ENABLE_OBJC_ARC = YES;
				CLANG_ENABLE_OBJC_WEAK = YES;
				CLANG_WARN_BLOCK_CAPTURE_AUTORELEASING = YES;
				CLANG_WARN_BOOL_CONVERSION = YES;
				CLANG_WARN_COMMA = YES;
				CLANG_WARN_CONSTANT_CONVERSION = YES;
				CLANG_WARN_DEPRECATED_OBJC_IMPLEMENTATIONS = YES;
				CLANG_WARN_DIRECT_OBJC_ISA_USAGE = YES_ERROR;
				CLANG_WARN_DOCUMENTATION_COMMENTS = YES;
				CLANG_WARN_EMPTY_BODY = YES;
				CLANG_WARN_ENUM_CONVERSION = YES;
				CLANG_WARN_INFINITE_RECURSION = YES;
				CLANG_WARN_INT_CONVERSION = YES;
				CLANG_WARN_NON_LITERAL_NULL_CONVERSION = YES;
				CLANG_WARN_OBJC_IMPLICIT_RETAIN_SELF = YES;
				CLANG_WARN_OBJC_LITERAL_CONVERSION = YES;
				CLANG_WARN_OBJC_ROOT_CLASS = YES_ERROR;
				CLANG_WARN_RANGE_LOOP_ANALYSIS = YES;
				CLANG_WARN_STRICT_PROTOTYPES = YES;
				CLANG_WARN_SUSPICIOUS_MOVE = YES;
				CLANG_WARN_UNGUARDED_AVAILABILITY = YES_AGGRESSIVE;
				CLANG_WARN_UNREACHABLE_CODE = YES;
				CLANG_WARN__DUPLICATE_METHOD_MATCH = YES;
				COPY_PHASE_STRIP = NO;
				DEBUG_INFORMATION_FORMAT = dwarf;
				ENABLE_STRICT_OBJC_MSGSEND = YES;
				ENABLE_TESTABILITY = YES;
				GCC_C_LANGUAGE_STANDARD = gnu11;
				GCC_DYNAMIC_NO_PIC = NO;
				GCC_NO_COMMON_BLOCKS = YES;
				GCC_OPTIMIZATION_LEVEL = 0;
				GCC_PREPROCESSOR_DEFINITIONS = (
					"DEBUG=1",
					"$(inherited)",
				);
				GCC_WARN_64_TO_32_BIT_CONVERSION = YES;
				GCC_WARN_ABOUT_RETURN_TYPE = YES_ERROR;
				GCC_WARN_UNDECLARED_SELECTOR = YES;
				GCC_WARN_UNINITIALIZED_AUTOS = YES_AGGRESSIVE;
				GCC_WARN_UNUSED_FUNCTION = YES;
				GCC_WARN_UNUSED_VARIABLE = YES;
				IPHONEOS_DEPLOYMENT_TARGET = 13.2;
				MTL_ENABLE_DEBUG_INFO = INCLUDE_SOURCE;
				MTL_FAST_MATH = YES;
				ONLY_ACTIVE_ARCH = YES;
				SDKROOT = iphoneos;
				SWIFT_ACTIVE_COMPILATION_CONDITIONS = DEBUG;
				SWIFT_OPTIMIZATION_LEVEL = "-Onone";
			};
			name = Debug;
		};
		32FA4AC023A6DE9B003121F7 /* Release */ = {
			isa = XCBuildConfiguration;
			buildSettings = {
				ALWAYS_SEARCH_USER_PATHS = NO;
				CLANG_ANALYZER_NONNULL = YES;
				CLANG_ANALYZER_NUMBER_OBJECT_CONVERSION = YES_AGGRESSIVE;
				CLANG_CXX_LANGUAGE_STANDARD = "gnu++14";
				CLANG_CXX_LIBRARY = "libc++";
				CLANG_ENABLE_MODULES = YES;
				CLANG_ENABLE_OBJC_ARC = YES;
				CLANG_ENABLE_OBJC_WEAK = YES;
				CLANG_WARN_BLOCK_CAPTURE_AUTORELEASING = YES;
				CLANG_WARN_BOOL_CONVERSION = YES;
				CLANG_WARN_COMMA = YES;
				CLANG_WARN_CONSTANT_CONVERSION = YES;
				CLANG_WARN_DEPRECATED_OBJC_IMPLEMENTATIONS = YES;
				CLANG_WARN_DIRECT_OBJC_ISA_USAGE = YES_ERROR;
				CLANG_WARN_DOCUMENTATION_COMMENTS = YES;
				CLANG_WARN_EMPTY_BODY = YES;
				CLANG_WARN_ENUM_CONVERSION = YES;
				CLANG_WARN_INFINITE_RECURSION = YES;
				CLANG_WARN_INT_CONVERSION = YES;
				CLANG_WARN_NON_LITERAL_NULL_CONVERSION = YES;
				CLANG_WARN_OBJC_IMPLICIT_RETAIN_SELF = YES;
				CLANG_WARN_OBJC_LITERAL_CONVERSION = YES;
				CLANG_WARN_OBJC_ROOT_CLASS = YES_ERROR;
				CLANG_WARN_RANGE_LOOP_ANALYSIS = YES;
				CLANG_WARN_STRICT_PROTOTYPES = YES;
				CLANG_WARN_SUSPICIOUS_MOVE = YES;
				CLANG_WARN_UNGUARDED_AVAILABILITY = YES_AGGRESSIVE;
				CLANG_WARN_UNREACHABLE_CODE = YES;
				CLANG_WARN__DUPLICATE_METHOD_MATCH = YES;
				COPY_PHASE_STRIP = NO;
				DEBUG_INFORMATION_FORMAT = "dwarf-with-dsym";
				ENABLE_NS_ASSERTIONS = NO;
				ENABLE_STRICT_OBJC_MSGSEND = YES;
				GCC_C_LANGUAGE_STANDARD = gnu11;
				GCC_NO_COMMON_BLOCKS = YES;
				GCC_WARN_64_TO_32_BIT_CONVERSION = YES;
				GCC_WARN_ABOUT_RETURN_TYPE = YES_ERROR;
				GCC_WARN_UNDECLARED_SELECTOR = YES;
				GCC_WARN_UNINITIALIZED_AUTOS = YES_AGGRESSIVE;
				GCC_WARN_UNUSED_FUNCTION = YES;
				GCC_WARN_UNUSED_VARIABLE = YES;
				IPHONEOS_DEPLOYMENT_TARGET = 13.2;
				MTL_ENABLE_DEBUG_INFO = NO;
				MTL_FAST_MATH = YES;
				SDKROOT = iphoneos;
				SWIFT_COMPILATION_MODE = wholemodule;
				SWIFT_OPTIMIZATION_LEVEL = "-O";
				VALIDATE_PRODUCT = YES;
			};
			name = Release;
		};
		32FA4AC223A6DE9B003121F7 /* Debug */ = {
			isa = XCBuildConfiguration;
			baseConfigurationReference = 186AB217DD1478E936ACA225 /* Pods-WhatFlower.debug.xcconfig */;
			buildSettings = {
				ASSETCATALOG_COMPILER_APPICON_NAME = AppIcon;
				CODE_SIGN_STYLE = Automatic;
				DEVELOPMENT_TEAM = H9V7R3BRD5;
				INFOPLIST_FILE = WhatFlower/Info.plist;
				LD_RUNPATH_SEARCH_PATHS = (
					"$(inherited)",
					"@executable_path/Frameworks",
				);
				PRODUCT_BUNDLE_IDENTIFIER = com.bhanukagamage.WhatFlower;
				PRODUCT_NAME = "$(TARGET_NAME)";
				SWIFT_VERSION = 5.0;
				TARGETED_DEVICE_FAMILY = "1,2";
			};
			name = Debug;
		};
		32FA4AC323A6DE9B003121F7 /* Release */ = {
			isa = XCBuildConfiguration;
			baseConfigurationReference = 98553FF5DF54E0D18DA4F9FA /* Pods-WhatFlower.release.xcconfig */;
			buildSettings = {
				ASSETCATALOG_COMPILER_APPICON_NAME = AppIcon;
				CODE_SIGN_STYLE = Automatic;
				DEVELOPMENT_TEAM = H9V7R3BRD5;
				INFOPLIST_FILE = WhatFlower/Info.plist;
				LD_RUNPATH_SEARCH_PATHS = (
					"$(inherited)",
					"@executable_path/Frameworks",
				);
				PRODUCT_BUNDLE_IDENTIFIER = com.bhanukagamage.WhatFlower;
				PRODUCT_NAME = "$(TARGET_NAME)";
				SWIFT_VERSION = 5.0;
				TARGETED_DEVICE_FAMILY = "1,2";
			};
			name = Release;
		};
/* End XCBuildConfiguration section */

/* Begin XCConfigurationList section */
		32FA4AA523A6DE98003121F7 /* Build configuration list for PBXProject "WhatFlower" */ = {
			isa = XCConfigurationList;
			buildConfigurations = (
				32FA4ABF23A6DE9B003121F7 /* Debug */,
				32FA4AC023A6DE9B003121F7 /* Release */,
			);
			defaultConfigurationIsVisible = 0;
			defaultConfigurationName = Release;
		};
		32FA4AC123A6DE9B003121F7 /* Build configuration list for PBXNativeTarget "WhatFlower" */ = {
			isa = XCConfigurationList;
			buildConfigurations = (
				32FA4AC223A6DE9B003121F7 /* Debug */,
				32FA4AC323A6DE9B003121F7 /* Release */,
			);
			defaultConfigurationIsVisible = 0;
			defaultConfigurationName = Release;
		};
/* End XCConfigurationList section */

/* Begin XCVersionGroup section */
		32FA4AB623A6DE98003121F7 /* WhatFlower.xcdatamodeld */ = {
			isa = XCVersionGroup;
			children = (
				32FA4AB723A6DE98003121F7 /* WhatFlower.xcdatamodel */,
			);
			currentVersion = 32FA4AB723A6DE98003121F7 /* WhatFlower.xcdatamodel */;
			path = WhatFlower.xcdatamodeld;
			sourceTree = "<group>";
			versionGroupType = wrapper.xcdatamodel;
		};
/* End XCVersionGroup section */
	};
	rootObject = 32FA4AA223A6DE98003121F7 /* Project object */;
}
